
Microsoft Visual Studio Solution File, Format Version 12.00
# Visual Studio 15
VisualStudioVersion = 15.0.26228.4
MinimumVisualStudioVersion = 10.0.40219.1
Project("{FAE04EC0-301F-11D3-BF4B-00C04F79EFBC}") = "Testing1", "Testing1\Testing1.csproj", "{DBCEECFA-3CCF-4E09-A823-BE7D8094FE7E}"
EndProject
Project("{FAE04EC0-301F-11D3-BF4B-00C04F79EFBC}") = "XUnitTestProject1", "XUnitTestProject1\XUnitTestProject1.csproj", "{6CFD738A-A865-4FF7-8E58-E290622F394A}"
EndProject
Global
	GlobalSection(SolutionConfigurationPlatforms) = preSolution
		Debug|Any CPU = Debug|Any CPU
		Release|Any CPU = Release|Any CPU
	EndGlobalSection
	GlobalSection(ProjectConfigurationPlatforms) = postSolution
		{DBCEECFA-3CCF-4E09-A823-BE7D8094FE7E}.Debug|Any CPU.ActiveCfg = Debug|Any CPU
		{DBCEECFA-3CCF-4E09-A823-BE7D8094FE7E}.Debug|Any CPU.Build.0 = Debug|Any CPU
		{DBCEECFA-3CCF-4E09-A823-BE7D8094FE7E}.Release|Any CPU.ActiveCfg = Release|Any CPU
		{DBCEECFA-3CCF-4E09-A823-BE7D8094FE7E}.Release|Any CPU.Build.0 = Release|Any CPU
		{6CFD738A-A865-4FF7-8E58-E290622F394A}.Debug|Any CPU.ActiveCfg = Debug|Any CPU
		{6CFD738A-A865-4FF7-8E58-E290622F394A}.Debug|Any CPU.Build.0 = Debug|Any CPU
		{6CFD738A-A865-4FF7-8E58-E290622F394A}.Release|Any CPU.ActiveCfg = Release|Any CPU
		{6CFD738A-A865-4FF7-8E58-E290622F394A}.Release|Any CPU.Build.0 = Release|Any CPU
	EndGlobalSection
	GlobalSection(SolutionProperties) = preSolution
		HideSolutionNode = FALSE
	EndGlobalSection
EndGlobal
